
Microsoft Visual Studio Solution File, Format Version 12.00
# Visual Studio Version 17
VisualStudioVersion = 17.11.35327.3
MinimumVisualStudioVersion = 10.0.40219.1
Project("{FAE04EC0-301F-11D3-BF4B-00C04F79EFBC}") = "EXCEL_SAPHELP", "EXCEL_SAPHELP\EXCEL_SAPHELP.csproj", "{CA4D7F66-4656-42B0-A058-0F641363D93F}"
EndProject
Project("{FAE04EC0-301F-11D3-BF4B-00C04F79EFBC}") = "SAPTableHelp", "SAPTableHelp\SAPTableHelp.csproj", "{CA6CDAF1-F0E5-4631-AE33-29EBECE864ED}"
EndProject
Global
	GlobalSection(SolutionConfigurationPlatforms) = preSolution
		Debug|Any CPU = Debug|Any CPU
		Release|Any CPU = Release|Any CPU
	EndGlobalSection
	GlobalSection(ProjectConfigurationPlatforms) = postSolution
		{CA4D7F66-4656-42B0-A058-0F641363D93F}.Debug|Any CPU.ActiveCfg = Debug|Any CPU
		{CA4D7F66-4656-42B0-A058-0F641363D93F}.Debug|Any CPU.Build.0 = Debug|Any CPU
		{CA4D7F66-4656-42B0-A058-0F641363D93F}.Release|Any CPU.ActiveCfg = Release|Any CPU
		{CA4D7F66-4656-42B0-A058-0F641363D93F}.Release|Any CPU.Build.0 = Release|Any CPU
		{CA6CDAF1-F0E5-4631-AE33-29EBECE864ED}.Debug|Any CPU.ActiveCfg = Debug|Any CPU
		{CA6CDAF1-F0E5-4631-AE33-29EBECE864ED}.Debug|Any CPU.Build.0 = Debug|Any CPU
		{CA6CDAF1-F0E5-4631-AE33-29EBECE864ED}.Release|Any CPU.ActiveCfg = Release|Any CPU
		{CA6CDAF1-F0E5-4631-AE33-29EBECE864ED}.Release|Any CPU.Build.0 = Release|Any CPU
	EndGlobalSection
	GlobalSection(SolutionProperties) = preSolution
		HideSolutionNode = FALSE
	EndGlobalSection
	GlobalSection(ExtensibilityGlobals) = postSolution
		SolutionGuid = {0EA0CFB1-4C08-4560-85CC-1257F65CD088}
	EndGlobalSection
EndGlobal
